// !$*UTF8*$!
{
	archiveVersion = 1;
	classes = {
	};
	objectVersion = 46;
	objects = {

/* Begin PBXBuildFile section */
		7565977A1422C36B00A1F49D /* Cocoa.framework in Frameworks */ = {isa = PBXBuildFile; fileRef = 756597791422C36B00A1F49D /* Cocoa.framework */; };
		756597841422C36B00A1F49D /* InfoPlist.strings in Resources */ = {isa = PBXBuildFile; fileRef = 756597821422C36B00A1F49D /* InfoPlist.strings */; };
		756597861422C36B00A1F49D /* main.m in Sources */ = {isa = PBXBuildFile; fileRef = 756597851422C36B00A1F49D /* main.m */; };
		7565978A1422C36C00A1F49D /* Credits.rtf in Resources */ = {isa = PBXBuildFile; fileRef = 756597881422C36C00A1F49D /* Credits.rtf */; };
		7565978D1422C36C00A1F49D /* TaskitTest.m in Sources */ = {isa = PBXBuildFile; fileRef = 7565978C1422C36C00A1F49D /* TaskitTest.m */; };
		756597901422C36D00A1F49D /* MainMenu.xib in Resources */ = {isa = PBXBuildFile; fileRef = 7565978E1422C36D00A1F49D /* MainMenu.xib */; };
		7565979C1422C42E00A1F49D /* Taskit.m in Sources */ = {isa = PBXBuildFile; fileRef = 7565979B1422C42E00A1F49D /* Taskit.m */; };
/* End PBXBuildFile section */

/* Begin PBXFileReference section */
		756597751422C36B00A1F49D /* taskit-test.app */ = {isa = PBXFileReference; explicitFileType = wrapper.application; includeInIndex = 0; path = "taskit-test.app"; sourceTree = BUILT_PRODUCTS_DIR; };
		756597791422C36B00A1F49D /* Cocoa.framework */ = {isa = PBXFileReference; lastKnownFileType = wrapper.framework; name = Cocoa.framework; path = System/Library/Frameworks/Cocoa.framework; sourceTree = SDKROOT; };
		7565977C1422C36B00A1F49D /* AppKit.framework */ = {isa = PBXFileReference; lastKnownFileType = wrapper.framework; name = AppKit.framework; path = System/Library/Frameworks/AppKit.framework; sourceTree = SDKROOT; };
		7565977D1422C36B00A1F49D /* CoreData.framework */ = {isa = PBXFileReference; lastKnownFileType = wrapper.framework; name = CoreData.framework; path = System/Library/Frameworks/CoreData.framework; sourceTree = SDKROOT; };
		7565977E1422C36B00A1F49D /* Foundation.framework */ = {isa = PBXFileReference; lastKnownFileType = wrapper.framework; name = Foundation.framework; path = System/Library/Frameworks/Foundation.framework; sourceTree = SDKROOT; };
		756597811422C36B00A1F49D /* taskit-test-Info.plist */ = {isa = PBXFileReference; lastKnownFileType = text.plist.xml; path = "taskit-test-Info.plist"; sourceTree = "<group>"; };
		756597831422C36B00A1F49D /* en */ = {isa = PBXFileReference; lastKnownFileType = text.plist.strings; name = en; path = en.lproj/InfoPlist.strings; sourceTree = "<group>"; };
		756597851422C36B00A1F49D /* main.m */ = {isa = PBXFileReference; lastKnownFileType = sourcecode.c.objc; path = main.m; sourceTree = "<group>"; };
		756597871422C36B00A1F49D /* taskit-test-Prefix.pch */ = {isa = PBXFileReference; lastKnownFileType = sourcecode.c.h; path = "taskit-test-Prefix.pch"; sourceTree = "<group>"; };
		756597891422C36C00A1F49D /* en */ = {isa = PBXFileReference; lastKnownFileType = text.rtf; name = en; path = en.lproj/Credits.rtf; sourceTree = "<group>"; };
		7565978B1422C36C00A1F49D /* TaskitTest.h */ = {isa = PBXFileReference; lastKnownFileType = sourcecode.c.h; path = TaskitTest.h; sourceTree = "<group>"; };
		7565978C1422C36C00A1F49D /* TaskitTest.m */ = {isa = PBXFileReference; lastKnownFileType = sourcecode.c.objc; path = TaskitTest.m; sourceTree = "<group>"; };
		7565978F1422C36D00A1F49D /* en */ = {isa = PBXFileReference; lastKnownFileType = file.xib; name = en; path = en.lproj/MainMenu.xib; sourceTree = "<group>"; };
		7565979A1422C42E00A1F49D /* Taskit.h */ = {isa = PBXFileReference; fileEncoding = 4; lastKnownFileType = sourcecode.c.h; name = Taskit.h; path = ../Taskit.h; sourceTree = "<group>"; };
		7565979B1422C42E00A1F49D /* Taskit.m */ = {isa = PBXFileReference; fileEncoding = 4; lastKnownFileType = sourcecode.c.objc; name = Taskit.m; path = ../Taskit.m; sourceTree = "<group>"; };
/* End PBXFileReference section */

/* Begin PBXFrameworksBuildPhase section */
		756597721422C36A00A1F49D /* Frameworks */ = {
			isa = PBXFrameworksBuildPhase;
			buildActionMask = 2147483647;
			files = (
				7565977A1422C36B00A1F49D /* Cocoa.framework in Frameworks */,
			);
			runOnlyForDeploymentPostprocessing = 0;
		};
/* End PBXFrameworksBuildPhase section */

/* Begin PBXGroup section */
		7565976A1422C36600A1F49D = {
			isa = PBXGroup;
			children = (
				7565979A1422C42E00A1F49D /* Taskit.h */,
				7565979B1422C42E00A1F49D /* Taskit.m */,
				7565977F1422C36B00A1F49D /* taskit-test */,
				756597781422C36B00A1F49D /* Frameworks */,
				756597761422C36B00A1F49D /* Products */,
			);
			sourceTree = "<group>";
		};
		756597761422C36B00A1F49D /* Products */ = {
			isa = PBXGroup;
			children = (
				756597751422C36B00A1F49D /* taskit-test.app */,
			);
			name = Products;
			sourceTree = "<group>";
		};
		756597781422C36B00A1F49D /* Frameworks */ = {
			isa = PBXGroup;
			children = (
				756597791422C36B00A1F49D /* Cocoa.framework */,
				7565977B1422C36B00A1F49D /* Other Frameworks */,
			);
			name = Frameworks;
			sourceTree = "<group>";
		};
		7565977B1422C36B00A1F49D /* Other Frameworks */ = {
			isa = PBXGroup;
			children = (
				7565977C1422C36B00A1F49D /* AppKit.framework */,
				7565977D1422C36B00A1F49D /* CoreData.framework */,
				7565977E1422C36B00A1F49D /* Foundation.framework */,
			);
			name = "Other Frameworks";
			sourceTree = "<group>";
		};
		7565977F1422C36B00A1F49D /* taskit-test */ = {
			isa = PBXGroup;
			children = (
				7565978B1422C36C00A1F49D /* TaskitTest.h */,
				7565978C1422C36C00A1F49D /* TaskitTest.m */,
				7565978E1422C36D00A1F49D /* MainMenu.xib */,
				756597801422C36B00A1F49D /* Supporting Files */,
			);
			path = "taskit-test";
			sourceTree = "<group>";
		};
		756597801422C36B00A1F49D /* Supporting Files */ = {
			isa = PBXGroup;
			children = (
				756597811422C36B00A1F49D /* taskit-test-Info.plist */,
				756597821422C36B00A1F49D /* InfoPlist.strings */,
				756597851422C36B00A1F49D /* main.m */,
				756597871422C36B00A1F49D /* taskit-test-Prefix.pch */,
				756597881422C36C00A1F49D /* Credits.rtf */,
			);
			name = "Supporting Files";
			sourceTree = "<group>";
		};
/* End PBXGroup section */

/* Begin PBXNativeTarget section */
		756597741422C36A00A1F49D /* taskit-test */ = {
			isa = PBXNativeTarget;
			buildConfigurationList = 756597931422C36E00A1F49D /* Build configuration list for PBXNativeTarget "taskit-test" */;
			buildPhases = (
				756597711422C36A00A1F49D /* Sources */,
				756597721422C36A00A1F49D /* Frameworks */,
				756597731422C36A00A1F49D /* Resources */,
			);
			buildRules = (
			);
			dependencies = (
			);
			name = "taskit-test";
			productName = "taskit-test";
			productReference = 756597751422C36B00A1F49D /* taskit-test.app */;
			productType = "com.apple.product-type.application";
		};
/* End PBXNativeTarget section */

/* Begin PBXProject section */
		7565976C1422C36600A1F49D /* Project object */ = {
			isa = PBXProject;
			attributes = {
				ORGANIZATIONNAME = Fileability;
			};
			buildConfigurationList = 7565976F1422C36600A1F49D /* Build configuration list for PBXProject "taskit-test" */;
			compatibilityVersion = "Xcode 3.2";
			developmentRegion = English;
			hasScannedForEncodings = 0;
			knownRegions = (
				en,
			);
			mainGroup = 7565976A1422C36600A1F49D;
			productRefGroup = 756597761422C36B00A1F49D /* Products */;
			projectDirPath = "";
			projectRoot = "";
			targets = (
				756597741422C36A00A1F49D /* taskit-test */,
			);
		};
/* End PBXProject section */

/* Begin PBXResourcesBuildPhase section */
		756597731422C36A00A1F49D /* Resources */ = {
			isa = PBXResourcesBuildPhase;
			buildActionMask = 2147483647;
			files = (
				756597841422C36B00A1F49D /* InfoPlist.strings in Resources */,
				7565978A1422C36C00A1F49D /* Credits.rtf in Resources */,
				756597901422C36D00A1F49D /* MainMenu.xib in Resources */,
			);
			runOnlyForDeploymentPostprocessing = 0;
		};
/* End PBXResourcesBuildPhase section */

/* Begin PBXSourcesBuildPhase section */
		756597711422C36A00A1F49D /* Sources */ = {
			isa = PBXSourcesBuildPhase;
			buildActionMask = 2147483647;
			files = (
				756597861422C36B00A1F49D /* main.m in Sources */,
				7565978D1422C36C00A1F49D /* TaskitTest.m in Sources */,
				7565979C1422C42E00A1F49D /* Taskit.m in Sources */,
			);
			runOnlyForDeploymentPostprocessing = 0;
		};
/* End PBXSourcesBuildPhase section */

/* Begin PBXVariantGroup section */
		756597821422C36B00A1F49D /* InfoPlist.strings */ = {
			isa = PBXVariantGroup;
			children = (
				756597831422C36B00A1F49D /* en */,
			);
			name = InfoPlist.strings;
			sourceTree = "<group>";
		};
		756597881422C36C00A1F49D /* Credits.rtf */ = {
			isa = PBXVariantGroup;
			children = (
				756597891422C36C00A1F49D /* en */,
			);
			name = Credits.rtf;
			sourceTree = "<group>";
		};
		7565978E1422C36D00A1F49D /* MainMenu.xib */ = {
			isa = PBXVariantGroup;
			children = (
				7565978F1422C36D00A1F49D /* en */,
			);
			name = MainMenu.xib;
			sourceTree = "<group>";
		};
/* End PBXVariantGroup section */

/* Begin XCBuildConfiguration section */
		756597911422C36E00A1F49D /* Debug */ = {
			isa = XCBuildConfiguration;
			buildSettings = {
				ALWAYS_SEARCH_USER_PATHS = NO;
				ARCHS = "$(ARCHS_STANDARD_64_BIT)";
				COPY_PHASE_STRIP = NO;
				GCC_C_LANGUAGE_STANDARD = gnu99;
				GCC_DYNAMIC_NO_PIC = NO;
				GCC_ENABLE_OBJC_EXCEPTIONS = YES;
				GCC_OPTIMIZATION_LEVEL = 0;
				GCC_PREPROCESSOR_DEFINITIONS = (
					"DEBUG=1",
					"$(inherited)",
				);
				GCC_SYMBOLS_PRIVATE_EXTERN = NO;
				GCC_VERSION = com.apple.compilers.llvm.clang.1_0;
				GCC_WARN_64_TO_32_BIT_CONVERSION = YES;
				GCC_WARN_ABOUT_MISSING_PROTOTYPES = YES;
				GCC_WARN_ABOUT_RETURN_TYPE = YES;
				GCC_WARN_UNUSED_VARIABLE = YES;
				MACOSX_DEPLOYMENT_TARGET = 10.7;
				ONLY_ACTIVE_ARCH = YES;
				SDKROOT = macosx;
			};
			name = Debug;
		};
		756597921422C36E00A1F49D /* Release */ = {
			isa = XCBuildConfiguration;
			buildSettings = {
				ALWAYS_SEARCH_USER_PATHS = NO;
				ARCHS = "$(ARCHS_STANDARD_64_BIT)";
				COPY_PHASE_STRIP = YES;
				DEBUG_INFORMATION_FORMAT = "dwarf-with-dsym";
				GCC_C_LANGUAGE_STANDARD = gnu99;
				GCC_ENABLE_OBJC_EXCEPTIONS = YES;
				GCC_VERSION = com.apple.compilers.llvm.clang.1_0;
				GCC_WARN_64_TO_32_BIT_CONVERSION = YES;
				GCC_WARN_ABOUT_MISSING_PROTOTYPES = YES;
				GCC_WARN_ABOUT_RETURN_TYPE = YES;
				GCC_WARN_UNUSED_VARIABLE = YES;
				MACOSX_DEPLOYMENT_TARGET = 10.7;
				SDKROOT = macosx;
			};
			name = Release;
		};
		756597941422C36E00A1F49D /* Debug */ = {
			isa = XCBuildConfiguration;
			buildSettings = {
				GCC_PRECOMPILE_PREFIX_HEADER = YES;
				GCC_PREFIX_HEADER = "taskit-test/taskit-test-Prefix.pch";
				INFOPLIST_FILE = "taskit-test/taskit-test-Info.plist";
				PRODUCT_NAME = "$(TARGET_NAME)";
				WRAPPER_EXTENSION = app;
			};
			name = Debug;
		};
		756597951422C36E00A1F49D /* Release */ = {
			isa = XCBuildConfiguration;
			buildSettings = {
				GCC_PRECOMPILE_PREFIX_HEADER = YES;
				GCC_PREFIX_HEADER = "taskit-test/taskit-test-Prefix.pch";
				INFOPLIST_FILE = "taskit-test/taskit-test-Info.plist";
				PRODUCT_NAME = "$(TARGET_NAME)";
				WRAPPER_EXTENSION = app;
			};
			name = Release;
		};
/* End XCBuildConfiguration section */

/* Begin XCConfigurationList section */
		7565976F1422C36600A1F49D /* Build configuration list for PBXProject "taskit-test" */ = {
			isa = XCConfigurationList;
			buildConfigurations = (
				756597911422C36E00A1F49D /* Debug */,
				756597921422C36E00A1F49D /* Release */,
			);
			defaultConfigurationIsVisible = 0;
			defaultConfigurationName = Release;
		};
		756597931422C36E00A1F49D /* Build configuration list for PBXNativeTarget "taskit-test" */ = {
			isa = XCConfigurationList;
			buildConfigurations = (
				756597941422C36E00A1F49D /* Debug */,
				756597951422C36E00A1F49D /* Release */,
			);
			defaultConfigurationIsVisible = 0;
			defaultConfigurationName = Release;
		};
/* End XCConfigurationList section */
	};
	rootObject = 7565976C1422C36600A1F49D /* Project object */;
}
